
Microsoft Visual Studio Solution File, Format Version 12.00
# Visual Studio Version 17
VisualStudioVersion = 17.0.31903.59
MinimumVisualStudioVersion = 10.0.40219.1
Project("{9A19103F-16F7-4668-BE54-9A1E7A4F7556}") = "Hello", "Hello\Hello.csproj", "{EE93809B-B1BE-4297-8588-6DAB4B147546}"
EndProject
Project("{9A19103F-16F7-4668-BE54-9A1E7A4F7556}") = "Hello.Tests", "Hello.Tests\Hello.Tests.csproj", "{8169F740-E458-438E-927A-226D8E0649D3}"
EndProject
Global
	GlobalSection(SolutionConfigurationPlatforms) = preSolution
		Debug|Any CPU = Debug|Any CPU
		Release|Any CPU = Release|Any CPU
	EndGlobalSection
	GlobalSection(ProjectConfigurationPlatforms) = postSolution
		{EE93809B-B1BE-4297-8588-6DAB4B147546}.Debug|Any CPU.ActiveCfg = Debug|Any CPU
		{EE93809B-B1BE-4297-8588-6DAB4B147546}.Debug|Any CPU.Build.0 = Debug|Any CPU
		{EE93809B-B1BE-4297-8588-6DAB4B147546}.Release|Any CPU.ActiveCfg = Release|Any CPU
		{EE93809B-B1BE-4297-8588-6DAB4B147546}.Release|Any CPU.Build.0 = Release|Any CPU
		{8169F740-E458-438E-927A-226D8E0649D3}.Debug|Any CPU.ActiveCfg = Debug|Any CPU
		{8169F740-E458-438E-927A-226D8E0649D3}.Debug|Any CPU.Build.0 = Debug|Any CPU
		{8169F740-E458-438E-927A-226D8E0649D3}.Release|Any CPU.ActiveCfg = Release|Any CPU
		{8169F740-E458-438E-927A-226D8E0649D3}.Release|Any CPU.Build.0 = Release|Any CPU
	EndGlobalSection
	GlobalSection(SolutionProperties) = preSolution
		HideSolutionNode = FALSE
	EndGlobalSection
	GlobalSection(ExtensibilityGlobals) = postSolution
		SolutionGuid = {0F77FE6D-C6CB-4072-B337-AAACDFB5FC77}
	EndGlobalSection
EndGlobal
